{
  "name": "definitions",
  "version": "0.0.1",
  "lockfileVersion": 2,
  "requires": true,
  "packages": {
    "": {
      "name": "definitions",
      "version": "0.0.1",
      "dependencies": {
        "@jaspero/fb-fields-mat": "1.8.0",
        "@jaspero/fb-form-ui": "^2.5.16",
        "@jaspero/fb-monaco-editor": "^2.5.13",
        "@jaspero/fb-page-builder": "^3.21.8",
        "@jaspero/fb-tinymce": "^2.6.8",
        "@jaspero/form-builder": "5.7.0",
        "json-schema": "0.4.0"
      }
    },
    "node_modules/@jaspero/fb-fields-mat": {
      "version": "1.8.0",
      "resolved": "https://registry.npmjs.org/@jaspero/fb-fields-mat/-/fb-fields-mat-1.8.0.tgz",
      "integrity": "sha512-bzXAVRWBz2Ywr1LYJvy7JUSKDmXUlRcvFsNdG7kOU3dXmse9XzHlFSHZ7AyMUzKQgxIZcoxShisa4ZQMOY/rLQ==",
      "dependencies": {
        "tslib": "^2.3.0"
      },
      "peerDependencies": {
        "@angular/animations": "^13.0.0",
        "@angular/common": "^13.0.0",
        "@angular/core": "^13.0.0",
        "@angular/forms": "^13.0.0",
        "@angular/material": "^13.0.0",
        "@jaspero/form-builder": "5.6.3",
        "@jaspero/ng-helpers": "^5.2.0",
        "@jaspero/utils": "^1.7.0",
        "@ngneat/transloco": "^2.19.1"
      }
    },
    "node_modules/@jaspero/fb-form-ui": {
      "version": "2.5.16",
      "resolved": "https://registry.npmjs.org/@jaspero/fb-form-ui/-/fb-form-ui-2.5.16.tgz",
      "integrity": "sha512-2cFw47psWyzbVlnAFWBNAHvv/qlpyPrSOLQclyYEvo8ewJ3o5RvZSZfChxZKDQnPKgNyaNkVBbeH5iddayY1Rw==",
      "dependencies": {
        "tslib": "^2.3.0"
      },
      "peerDependencies": {
        "@jaspero/fb-tinymce": "2.6.7",
        "@jaspero/form-builder": "5.6.3"
      }
    },
    "node_modules/@jaspero/fb-monaco-editor": {
      "version": "2.5.13",
      "resolved": "https://registry.npmjs.org/@jaspero/fb-monaco-editor/-/fb-monaco-editor-2.5.13.tgz",
      "integrity": "sha512-d4Zb/pfCMEa/H31TKVtKtohDHzAveudxhlZvOYxyR0fZ5kHldTOlGrKQ/S815Q/rn05RLysw3aZh6v2xLphn4A==",
      "dependencies": {
        "tslib": "^2.3.0"
      },
      "peerDependencies": {
        "@angular/common": "^13.0.0",
        "@angular/core": "^13.0.0",
        "@jaspero/form-builder": "5.6.3",
        "@monaco-editor/loader": "*",
        "monaco-editor": "*"
      }
    },
    "node_modules/@jaspero/fb-page-builder": {
      "version": "3.21.8",
      "resolved": "https://registry.npmjs.org/@jaspero/fb-page-builder/-/fb-page-builder-3.21.8.tgz",
      "integrity": "sha512-led0iQCBE9dccehXN47J1jHeZsOsjej0ROdFL9MnFATUDD0Wsh2iNDfLk5oLxza1BjRw/2nlPb7bZfGbfk7jUg==",
      "dependencies": {
        "@jaspero/utils": "^1.3.1",
        "tslib": "^2.3.0"
      },
      "peerDependencies": {
        "@jaspero/form-builder": "5.6.3",
        "@ngneat/until-destroy": "^8.0.0"
      }
    },
    "node_modules/@jaspero/fb-tinymce": {
      "version": "2.6.8",
      "resolved": "https://registry.npmjs.org/@jaspero/fb-tinymce/-/fb-tinymce-2.6.8.tgz",
      "integrity": "sha512-mcoaGxkb3Ng5iRg0MuRHcFNfOUIIqWpa9OcA3XIJ3rHTlF2Ko/Ua26my6o30qb3/SsPEqF4TpBSgCmBVpQ4jAw==",
      "dependencies": {
        "tslib": "^2.3.0"
      },
      "peerDependencies": {
        "@jaspero/form-builder": "5.6.3",
        "tinymce": "^5.4.2"
      }
    },
    "node_modules/@jaspero/form-builder": {
      "version": "5.7.0",
      "resolved": "https://registry.npmjs.org/@jaspero/form-builder/-/form-builder-5.7.0.tgz",
      "integrity": "sha512-RzKHn3r9F+vgZ7TGbTG6sVaea5L6g11nexggcnBxUtzHqiKEESgV7+OTvDDdzMvxq47rZBqjg3/vqtlXI4zwSQ==",
      "dependencies": {
        "@jaspero/utils": "^1.3.1",
        "json-pointer": "0.6.0",
        "json-schema": "0.4.0",
        "tslib": "^2.3.0"
      },
      "peerDependencies": {
        "@angular/animations": "^13.0.0",
        "@angular/common": "^13.0.0",
        "@angular/core": "^13.0.0",
        "@angular/forms": "^13.0.0",
        "@angular/material": "^13.0.0",
        "@angular/platform-browser": "^13.0.0",
        "@jaspero/ng-helpers": "^5.2.0",
        "@ngneat/transloco": "^2.19.1",
        "rxjs": "^6.5.3"
      }
    },
    "node_modules/@jaspero/utils": {
      "version": "1.7.0",
      "resolved": "https://registry.npmjs.org/@jaspero/utils/-/utils-1.7.0.tgz",
      "integrity": "sha512-+Z5EaKsuuryMqruwtQkUEjuAl61dV5IrSRlCGJZHgKcWXdqsL++HBagnjD4969TVzWSLfTj6Vu9UrtIaLiXKnA=="
    },
    "node_modules/foreach": {
      "version": "2.0.5",
      "resolved": "https://registry.npmjs.org/foreach/-/foreach-2.0.5.tgz",
      "integrity": "sha1-C+4AUBiusmDQo6865ljdATbsG5k="
    },
    "node_modules/json-pointer": {
      "version": "0.6.0",
      "resolved": "https://registry.npmjs.org/json-pointer/-/json-pointer-0.6.0.tgz",
      "integrity": "sha1-jlAFUKaqxUZKRzN32leqbMIoKNc=",
      "dependencies": {
        "foreach": "^2.0.4"
      }
    },
    "node_modules/json-schema": {
      "version": "0.4.0",
      "resolved": "https://registry.npmjs.org/json-schema/-/json-schema-0.4.0.tgz",
      "integrity": "sha512-es94M3nTIfsEPisRafak+HDLfHXnKBhV3vU5eqPcS3flIWqcxJWgXHXiey3YrpaNsanY5ei1VoYEbOzijuq9BA=="
    },
    "node_modules/tslib": {
      "version": "2.3.1",
      "resolved": "https://registry.npmjs.org/tslib/-/tslib-2.3.1.tgz",
      "integrity": "sha512-77EbyPPpMz+FRFRuAFlWMtmgUWGe9UOG2Z25NqCwiIjRhOf5iKGuzSe5P2w1laq+FkRy4p+PCuVkJSGkzTEKVw=="
    }
  },
  "dependencies": {
    "@jaspero/fb-fields-mat": {
      "version": "1.8.0",
      "resolved": "https://registry.npmjs.org/@jaspero/fb-fields-mat/-/fb-fields-mat-1.8.0.tgz",
      "integrity": "sha512-bzXAVRWBz2Ywr1LYJvy7JUSKDmXUlRcvFsNdG7kOU3dXmse9XzHlFSHZ7AyMUzKQgxIZcoxShisa4ZQMOY/rLQ==",
      "requires": {
        "tslib": "^2.3.0"
      }
    },
    "@jaspero/fb-form-ui": {
      "version": "2.5.16",
      "resolved": "https://registry.npmjs.org/@jaspero/fb-form-ui/-/fb-form-ui-2.5.16.tgz",
      "integrity": "sha512-2cFw47psWyzbVlnAFWBNAHvv/qlpyPrSOLQclyYEvo8ewJ3o5RvZSZfChxZKDQnPKgNyaNkVBbeH5iddayY1Rw==",
      "requires": {
        "tslib": "^2.3.0"
      }
    },
    "@jaspero/fb-monaco-editor": {
      "version": "2.5.13",
      "resolved": "https://registry.npmjs.org/@jaspero/fb-monaco-editor/-/fb-monaco-editor-2.5.13.tgz",
      "integrity": "sha512-d4Zb/pfCMEa/H31TKVtKtohDHzAveudxhlZvOYxyR0fZ5kHldTOlGrKQ/S815Q/rn05RLysw3aZh6v2xLphn4A==",
      "requires": {
        "tslib": "^2.3.0"
      }
    },
    "@jaspero/fb-page-builder": {
      "version": "3.21.8",
      "resolved": "https://registry.npmjs.org/@jaspero/fb-page-builder/-/fb-page-builder-3.21.8.tgz",
      "integrity": "sha512-led0iQCBE9dccehXN47J1jHeZsOsjej0ROdFL9MnFATUDD0Wsh2iNDfLk5oLxza1BjRw/2nlPb7bZfGbfk7jUg==",
      "requires": {
        "@jaspero/utils": "^1.3.1",
        "tslib": "^2.3.0"
      }
    },
    "@jaspero/fb-tinymce": {
      "version": "2.6.8",
      "resolved": "https://registry.npmjs.org/@jaspero/fb-tinymce/-/fb-tinymce-2.6.8.tgz",
      "integrity": "sha512-mcoaGxkb3Ng5iRg0MuRHcFNfOUIIqWpa9OcA3XIJ3rHTlF2Ko/Ua26my6o30qb3/SsPEqF4TpBSgCmBVpQ4jAw==",
      "requires": {
        "tslib": "^2.3.0"
      }
    },
    "@jaspero/form-builder": {
      "version": "5.7.0",
      "resolved": "https://registry.npmjs.org/@jaspero/form-builder/-/form-builder-5.7.0.tgz",
      "integrity": "sha512-RzKHn3r9F+vgZ7TGbTG6sVaea5L6g11nexggcnBxUtzHqiKEESgV7+OTvDDdzMvxq47rZBqjg3/vqtlXI4zwSQ==",
      "requires": {
        "@jaspero/utils": "^1.3.1",
        "json-pointer": "0.6.0",
        "json-schema": "0.4.0",
        "tslib": "^2.3.0"
      }
    },
    "@jaspero/utils": {
      "version": "1.7.0",
      "resolved": "https://registry.npmjs.org/@jaspero/utils/-/utils-1.7.0.tgz",
      "integrity": "sha512-+Z5EaKsuuryMqruwtQkUEjuAl61dV5IrSRlCGJZHgKcWXdqsL++HBagnjD4969TVzWSLfTj6Vu9UrtIaLiXKnA=="
    },
    "foreach": {
      "version": "2.0.5",
      "resolved": "https://registry.npmjs.org/foreach/-/foreach-2.0.5.tgz",
      "integrity": "sha1-C+4AUBiusmDQo6865ljdATbsG5k="
    },
    "json-pointer": {
      "version": "0.6.0",
      "resolved": "https://registry.npmjs.org/json-pointer/-/json-pointer-0.6.0.tgz",
      "integrity": "sha1-jlAFUKaqxUZKRzN32leqbMIoKNc=",
      "requires": {
        "foreach": "^2.0.4"
      }
    },
    "json-schema": {
      "version": "0.4.0",
      "resolved": "https://registry.npmjs.org/json-schema/-/json-schema-0.4.0.tgz",
      "integrity": "sha512-es94M3nTIfsEPisRafak+HDLfHXnKBhV3vU5eqPcS3flIWqcxJWgXHXiey3YrpaNsanY5ei1VoYEbOzijuq9BA=="
    },
    "tslib": {
      "version": "2.3.1",
      "resolved": "https://registry.npmjs.org/tslib/-/tslib-2.3.1.tgz",
      "integrity": "sha512-77EbyPPpMz+FRFRuAFlWMtmgUWGe9UOG2Z25NqCwiIjRhOf5iKGuzSe5P2w1laq+FkRy4p+PCuVkJSGkzTEKVw=="
    }
  }
}
